lockfileVersion: '6.0'

settings:
  autoInstallPeers: true
  excludeLinksFromLockfile: false

devDependencies:
  '@prettier/plugin-lua':
    specifier: ^0.0.3
    version: 0.0.3(prettier@3.2.5)
  prettier:
    specifier: ^3.2.5
    version: 3.2.5

packages:

  /@prettier/plugin-lua@0.0.3(prettier@3.2.5):
    resolution: {integrity: sha512-Fn7rf/9BTisEShgSN7iSKxgBo3MkHnAptNI7+4JC7E3wi2ElfzcR194QswblbY6X0fTdaHz3yG0GQcuwtxZKoQ==}
    engines: {node: '>=10.13.0'}
    peerDependencies:
      prettier: '>=2.0.0'
    dependencies:
      luaparse: 0.2.1
      prettier: 3.2.5
    dev: true

  /luaparse@0.2.1:
    resolution: {integrity: sha512-VKBcryd5nJte4ZNR29NOk8F/UkMipjeb4yoxcSS51z6QAzg9DXUC2WsfLniS0J1eh3pr/ZL3e9ha6V8fhoLbBQ==}
    hasBin: true
    dev: true

  /prettier@3.2.5:
    resolution: {integrity: sha512-3/GWa9aOC0YeD7LUfvOG2NiDyhOWRvt1k+rcKhOuYnMY24iiCphgneUfJDyFXd6rZCAnuLBv6UeAULtrhT/F4A==}
    engines: {node: '>=14'}
    hasBin: true
    dev: true
